github.com/designsbysm/timber/v2 v2.10.0 h1:tkVRFxI659c2S42GZC/RX180Pkeq7FLpFHBDGf3BSUs=
github.com/designsbysm/timber/v2 v2.10.0/go.mod h1:pjlibNW55+aaf48vygVEsW+Ig8/s+vR5GNsIyUVOb00=
github.com/korylprince/mbox v1.0.1 h1:D3xXWgrPsF1alGGLD7eUDlSKAPbNmsUsZpT4slEFUwk=
github.com/korylprince/mbox v1.0.1/go.mod h1:i0tNfegak7AspRdSaBKSH6ap9pIpJGoUs536OnRTTXk=
